# THIS IS AN AUTOGENERATED FILE. DO NOT EDIT THIS FILE DIRECTLY.
# yarn lockfile v1


indento@^1.1.7:
  version "1.1.12"
  resolved "https://registry.yarnpkg.com/indento/-/indento-1.1.12.tgz#e95942e88e528655df33f129b6826019a1a221fd"
  integrity sha512-hWlFlRL6dd06MU5SsOZZ6kzO7t/7ZjcxWh1Yf/MjGtyKQMC8SPS5GbZ2XqMBGaGn+HM2QQawYxSLtS7Zv0w0BQ==

json2md@^1.6.5:
  version "1.6.5"
  resolved "https://registry.yarnpkg.com/json2md/-/json2md-1.6.5.tgz#f8c118be09726d29c9068214471bb2726eda422a"
  integrity sha512-Q2SV+GwlWB3+3MyWP9UNZqDF1Pkeh7pJh1QChup6vGRem3ONA/8MOnxfe8MiqgEhv6Pb8g8MzTSqFBHEczMhBA==
  dependencies:
    indento "^1.1.7"

lodash@^4.17.21:
  version "4.17.21"
  resolved "https://registry.yarnpkg.com/lodash/-/lodash-4.17.21.tgz#679591c564c3bffaae8454cf0b3df370c3d6911c"
  integrity sha512-v2kDEe57lecTulaDIuNTPy3Ry4gLGJ6Z1O3vE1krgXZNrsQ+LFTGHVxVjcXPs17LhbZVGedAJv8XZ1tvj5FvSg==

prettier@1.18.2:
  version "1.18.2"
  resolved "https://registry.yarnpkg.com/prettier/-/prettier-1.18.2.tgz#6823e7c5900017b4bd3acf46fe9ac4b4d7bda9ea"
  integrity sha512-OeHeMc0JhFE9idD4ZdtNibzY0+TPHSpSSb9h8FqtP+YnoZZ1sl8Vc9b1sasjfymH3SonAF4QcA2+mzHPhMvIiw==
